
Microsoft Visual Studio Solution File, Format Version 12.00
# Visual Studio 15
VisualStudioVersion = 15.0.27130.2010
MinimumVisualStudioVersion = 10.0.40219.1
Project("{E24C65DC-7377-472B-9ABA-BC803B73C61A}") = "Lucky7_Razor", "Lucky7_Razor\", "{B80785B2-692D-4A0E-AC74-90B2F6A2A30E}"
	ProjectSection(WebsiteProperties) = preProject
		TargetFrameworkMoniker = ".NETFramework,Version%3Dv4.6.1"
		Debug.AspNetCompiler.VirtualPath = "/localhost_50521"
		Debug.AspNetCompiler.PhysicalPath = "Lucky7_Razor\"
		Debug.AspNetCompiler.TargetPath = "PrecompiledWeb\localhost_50521\"
		Debug.AspNetCompiler.Updateable = "true"
		Debug.AspNetCompiler.ForceOverwrite = "true"
		Debug.AspNetCompiler.FixedNames = "false"
		Debug.AspNetCompiler.Debug = "True"
		Release.AspNetCompiler.VirtualPath = "/localhost_50521"
		Release.AspNetCompiler.PhysicalPath = "Lucky7_Razor\"
		Release.AspNetCompiler.TargetPath = "PrecompiledWeb\localhost_50521\"
		Release.AspNetCompiler.Updateable = "true"
		Release.AspNetCompiler.ForceOverwrite = "true"
		Release.AspNetCompiler.FixedNames = "false"
		Release.AspNetCompiler.Debug = "False"
		VWDPort = "50521"
		SlnRelativePath = "Lucky7_Razor\"
		DefaultWebSiteLanguage = "Visual C#"
	EndProjectSection
EndProject
Global
	GlobalSection(SolutionConfigurationPlatforms) = preSolution
		Debug|Any CPU = Debug|Any CPU
	EndGlobalSection
	GlobalSection(ProjectConfigurationPlatforms) = postSolution
		{B80785B2-692D-4A0E-AC74-90B2F6A2A30E}.Debug|Any CPU.ActiveCfg = Debug|Any CPU
		{B80785B2-692D-4A0E-AC74-90B2F6A2A30E}.Debug|Any CPU.Build.0 = Debug|Any CPU
	EndGlobalSection
	GlobalSection(SolutionProperties) = preSolution
		HideSolutionNode = FALSE
	EndGlobalSection
	GlobalSection(ExtensibilityGlobals) = postSolution
		SolutionGuid = {F1983FEC-6339-4F9A-84D6-6ECD2B28DCBE}
	EndGlobalSection
EndGlobal
